// !$*UTF8*$!
{
	archiveVersion = 1;
	classes = {
	};
	objectVersion = 46;
	objects = {

/* Begin PBXBuildFile section */
		21299FD81A27317300D386DC /* SQLite.framework in Frameworks */ = {isa = PBXBuildFile; fileRef = 21723E771A272D180062796D /* SQLite.framework */; };
		21299FDA1A27324F00D386DC /* SQLite.framework in CopyFiles */ = {isa = PBXBuildFile; fileRef = 21723E771A272D180062796D /* SQLite.framework */; settings = {ATTRIBUTES = (CodeSignOnCopy, RemoveHeadersOnCopy, ); }; };
		21723E411A272BF10062796D /* AppDelegate.swift in Sources */ = {isa = PBXBuildFile; fileRef = 21723E401A272BF10062796D /* AppDelegate.swift */; };
		21723E431A272BF10062796D /* ViewController.swift in Sources */ = {isa = PBXBuildFile; fileRef = 21723E421A272BF10062796D /* ViewController.swift */; };
		21723E461A272BF10062796D /* Main.storyboard in Resources */ = {isa = PBXBuildFile; fileRef = 21723E441A272BF10062796D /* Main.storyboard */; };
		21723E481A272BF10062796D /* Images.xcassets in Resources */ = {isa = PBXBuildFile; fileRef = 21723E471A272BF10062796D /* Images.xcassets */; };
		21723E4B1A272BF10062796D /* LaunchScreen.xib in Resources */ = {isa = PBXBuildFile; fileRef = 21723E491A272BF10062796D /* LaunchScreen.xib */; };
/* End PBXBuildFile section */

/* Begin PBXContainerItemProxy section */
		21299FD61A2730D900D386DC /* PBXContainerItemProxy */ = {
			isa = PBXContainerItemProxy;
			containerPortal = 21723E6F1A272D180062796D /* SQLite.xcodeproj */;
			proxyType = 1;
			remoteGlobalIDString = DC3773F219C8CBB3004FCF85;
			remoteInfo = "SQLite iOS";
		};
		21723E511A272BF10062796D /* PBXContainerItemProxy */ = {
			isa = PBXContainerItemProxy;
			containerPortal = 21723E331A272BF10062796D /* Project object */;
			proxyType = 1;
			remoteGlobalIDString = 21723E3A1A272BF10062796D;
			remoteInfo = "using_SQL-Lite";
		};
		21723E761A272D180062796D /* PBXContainerItemProxy */ = {
			isa = PBXContainerItemProxy;
			containerPortal = 21723E6F1A272D180062796D /* SQLite.xcodeproj */;
			proxyType = 2;
			remoteGlobalIDString = DC3773F319C8CBB3004FCF85;
			remoteInfo = "SQLite iOS";
		};
		21723E781A272D180062796D /* PBXContainerItemProxy */ = {
			isa = PBXContainerItemProxy;
			containerPortal = 21723E6F1A272D180062796D /* SQLite.xcodeproj */;
			proxyType = 2;
			remoteGlobalIDString = DC3773FE19C8CBB3004FCF85;
			remoteInfo = "SQLite iOS Tests";
		};
		21723E7A1A272D180062796D /* PBXContainerItemProxy */ = {
			isa = PBXContainerItemProxy;
			containerPortal = 21723E6F1A272D180062796D /* SQLite.xcodeproj */;
			proxyType = 2;
			remoteGlobalIDString = DC37741419C8CC2F004FCF85;
			remoteInfo = "SQLite Mac";
		};
		21723E7C1A272D180062796D /* PBXContainerItemProxy */ = {
			isa = PBXContainerItemProxy;
			containerPortal = 21723E6F1A272D180062796D /* SQLite.xcodeproj */;
			proxyType = 2;
			remoteGlobalIDString = DC37741E19C8CC2F004FCF85;
			remoteInfo = "SQLite Mac Tests";
		};
/* End PBXContainerItemProxy section */

/* Begin PBXCopyFilesBuildPhase section */
		21299FD91A2731BD00D386DC /* CopyFiles */ = {
			isa = PBXCopyFilesBuildPhase;
			buildActionMask = 2147483647;
			dstPath = "";
			dstSubfolderSpec = 10;
			files = (
				21299FDA1A27324F00D386DC /* SQLite.framework in CopyFiles */,
			);
			runOnlyForDeploymentPostprocessing = 0;
		};
/* End PBXCopyFilesBuildPhase section */

/* Begin PBXFileReference section */
		21723E3B1A272BF10062796D /* using_SQL-Lite.app */ = {isa = PBXFileReference; explicitFileType = wrapper.application; includeInIndex = 0; path = "using_SQL-Lite.app"; sourceTree = BUILT_PRODUCTS_DIR; };
		21723E3F1A272BF10062796D /* Info.plist */ = {isa = PBXFileReference; lastKnownFileType = text.plist.xml; path = Info.plist; sourceTree = "<group>"; };
		21723E401A272BF10062796D /* AppDelegate.swift */ = {isa = PBXFileReference; lastKnownFileType = sourcecode.swift; path = AppDelegate.swift; sourceTree = "<group>"; };
		21723E421A272BF10062796D /* ViewController.swift */ = {isa = PBXFileReference; lastKnownFileType = sourcecode.swift; path = ViewController.swift; sourceTree = "<group>"; };
		21723E451A272BF10062796D /* Base */ = {isa = PBXFileReference; lastKnownFileType = file.storyboard; name = Base; path = Base.lproj/Main.storyboard; sourceTree = "<group>"; };
		21723E471A272BF10062796D /* Images.xcassets */ = {isa = PBXFileReference; lastKnownFileType = folder.assetcatalog; path = Images.xcassets; sourceTree = "<group>"; };
		21723E4A1A272BF10062796D /* Base */ = {isa = PBXFileReference; lastKnownFileType = file.xib; name = Base; path = Base.lproj/LaunchScreen.xib; sourceTree = "<group>"; };
		21723E501A272BF10062796D /* using_SQL-LiteTests.xctest */ = {isa = PBXFileReference; explicitFileType = wrapper.cfbundle; includeInIndex = 0; path = "using_SQL-LiteTests.xctest"; sourceTree = BUILT_PRODUCTS_DIR; };
		21723E6F1A272D180062796D /* SQLite.xcodeproj */ = {isa = PBXFileReference; lastKnownFileType = "wrapper.pb-project"; name = SQLite.xcodeproj; path = "../../../../../Downloads/SQLite.swift-master/SQLite.xcodeproj"; sourceTree = "<group>"; };
/* End PBXFileReference section */

/* Begin PBXFrameworksBuildPhase section */
		21723E381A272BF10062796D /* Frameworks */ = {
			isa = PBXFrameworksBuildPhase;
			buildActionMask = 2147483647;
			files = (
				21299FD81A27317300D386DC /* SQLite.framework in Frameworks */,
			);
			runOnlyForDeploymentPostprocessing = 0;
		};
		21723E4D1A272BF10062796D /* Frameworks */ = {
			isa = PBXFrameworksBuildPhase;
			buildActionMask = 2147483647;
			files = (
			);
			runOnlyForDeploymentPostprocessing = 0;
		};
/* End PBXFrameworksBuildPhase section */

/* Begin PBXGroup section */
		21723E321A272BF10062796D = {
			isa = PBXGroup;
			children = (
				21723E3D1A272BF10062796D /* using_SQL-Lite */,
				21723E3C1A272BF10062796D /* Products */,
			);
			sourceTree = "<group>";
		};
		21723E3C1A272BF10062796D /* Products */ = {
			isa = PBXGroup;
			children = (
				21723E3B1A272BF10062796D /* using_SQL-Lite.app */,
				21723E501A272BF10062796D /* using_SQL-LiteTests.xctest */,
			);
			name = Products;
			sourceTree = "<group>";
		};
		21723E3D1A272BF10062796D /* using_SQL-Lite */ = {
			isa = PBXGroup;
			children = (
				21723E401A272BF10062796D /* AppDelegate.swift */,
				21723E421A272BF10062796D /* ViewController.swift */,
				21723E441A272BF10062796D /* Main.storyboard */,
				21723E471A272BF10062796D /* Images.xcassets */,
				21723E491A272BF10062796D /* LaunchScreen.xib */,
				21723E3E1A272BF10062796D /* Supporting Files */,
			);
			path = "using_SQL-Lite";
			sourceTree = "<group>";
		};
		21723E3E1A272BF10062796D /* Supporting Files */ = {
			isa = PBXGroup;
			children = (
				21723E6F1A272D180062796D /* SQLite.xcodeproj */,
				21723E3F1A272BF10062796D /* Info.plist */,
			);
			name = "Supporting Files";
			sourceTree = "<group>";
		};
		21723E701A272D180062796D /* Products */ = {
			isa = PBXGroup;
			children = (
				21723E771A272D180062796D /* SQLite.framework */,
				21723E791A272D180062796D /* SQLite iOS Tests.xctest */,
				21723E7B1A272D180062796D /* SQLite.framework */,
				21723E7D1A272D180062796D /* SQLite Mac Tests.xctest */,
			);
			name = Products;
			sourceTree = "<group>";
		};
/* End PBXGroup section */

/* Begin PBXNativeTarget section */
		21723E3A1A272BF10062796D /* using_SQL-Lite */ = {
			isa = PBXNativeTarget;
			buildConfigurationList = 21723E5A1A272BF10062796D /* Build configuration list for PBXNativeTarget "using_SQL-Lite" */;
			buildPhases = (
				21723E371A272BF10062796D /* Sources */,
				21723E381A272BF10062796D /* Frameworks */,
				21723E391A272BF10062796D /* Resources */,
				21299FD91A2731BD00D386DC /* CopyFiles */,
			);
			buildRules = (
			);
			dependencies = (
				21299FD71A2730D900D386DC /* PBXTargetDependency */,
			);
			name = "using_SQL-Lite";
			productName = "using_SQL-Lite";
			productReference = 21723E3B1A272BF10062796D /* using_SQL-Lite.app */;
			productType = "com.apple.product-type.application";
		};
		21723E4F1A272BF10062796D /* using_SQL-LiteTests */ = {
			isa = PBXNativeTarget;
			buildConfigurationList = 21723E5D1A272BF10062796D /* Build configuration list for PBXNativeTarget "using_SQL-LiteTests" */;
			buildPhases = (
				21723E4C1A272BF10062796D /* Sources */,
				21723E4D1A272BF10062796D /* Frameworks */,
				21723E4E1A272BF10062796D /* Resources */,
			);
			buildRules = (
			);
			dependencies = (
				21723E521A272BF10062796D /* PBXTargetDependency */,
			);
			name = "using_SQL-LiteTests";
			productName = "using_SQL-LiteTests";
			productReference = 21723E501A272BF10062796D /* using_SQL-LiteTests.xctest */;
			productType = "com.apple.product-type.bundle.unit-test";
		};
/* End PBXNativeTarget section */

/* Begin PBXProject section */
		21723E331A272BF10062796D /* Project object */ = {
			isa = PBXProject;
			attributes = {
				LastUpgradeCheck = 0610;
				ORGANIZATIONNAME = "Daniel Vieira";
				TargetAttributes = {
					21723E3A1A272BF10062796D = {
						CreatedOnToolsVersion = 6.1;
					};
					21723E4F1A272BF10062796D = {
						CreatedOnToolsVersion = 6.1;
						TestTargetID = 21723E3A1A272BF10062796D;
					};
				};
			};
			buildConfigurationList = 21723E361A272BF10062796D /* Build configuration list for PBXProject "using_SQL-Lite" */;
			compatibilityVersion = "Xcode 3.2";
			developmentRegion = English;
			hasScannedForEncodings = 0;
			knownRegions = (
				en,
				Base,
			);
			mainGroup = 21723E321A272BF10062796D;
			productRefGroup = 21723E3C1A272BF10062796D /* Products */;
			projectDirPath = "";
			projectReferences = (
				{
					ProductGroup = 21723E701A272D180062796D /* Products */;
					ProjectRef = 21723E6F1A272D180062796D /* SQLite.xcodeproj */;
				},
			);
			projectRoot = "";
			targets = (
				21723E3A1A272BF10062796D /* using_SQL-Lite */,
				21723E4F1A272BF10062796D /* using_SQL-LiteTests */,
			);
		};
/* End PBXProject section */

/* Begin PBXReferenceProxy section */
		21723E771A272D180062796D /* SQLite.framework */ = {
			isa = PBXReferenceProxy;
			fileType = wrapper.framework;
			path = SQLite.framework;
			remoteRef = 21723E761A272D180062796D /* PBXContainerItemProxy */;
			sourceTree = BUILT_PRODUCTS_DIR;
		};
		21723E791A272D180062796D /* SQLite iOS Tests.xctest */ = {
			isa = PBXReferenceProxy;
			fileType = wrapper.cfbundle;
			path = "SQLite iOS Tests.xctest";
			remoteRef = 21723E781A272D180062796D /* PBXContainerItemProxy */;
			sourceTree = BUILT_PRODUCTS_DIR;
		};
		21723E7B1A272D180062796D /* SQLite.framework */ = {
			isa = PBXReferenceProxy;
			fileType = wrapper.framework;
			path = SQLite.framework;
			remoteRef = 21723E7A1A272D180062796D /* PBXContainerItemProxy */;
			sourceTree = BUILT_PRODUCTS_DIR;
		};
		21723E7D1A272D180062796D /* SQLite Mac Tests.xctest */ = {
			isa = PBXReferenceProxy;
			fileType = wrapper.cfbundle;
			path = "SQLite Mac Tests.xctest";
			remoteRef = 21723E7C1A272D180062796D /* PBXContainerItemProxy */;
			sourceTree = BUILT_PRODUCTS_DIR;
		};
/* End PBXReferenceProxy section */

/* Begin PBXResourcesBuildPhase section */
		21723E391A272BF10062796D /* Resources */ = {
			isa = PBXResourcesBuildPhase;
			buildActionMask = 2147483647;
			files = (
				21723E461A272BF10062796D /* Main.storyboard in Resources */,
				21723E4B1A272BF10062796D /* LaunchScreen.xib in Resources */,
				21723E481A272BF10062796D /* Images.xcassets in Resources */,
			);
			runOnlyForDeploymentPostprocessing = 0;
		};
		21723E4E1A272BF10062796D /* Resources */ = {
			isa = PBXResourcesBuildPhase;
			buildActionMask = 2147483647;
			files = (
			);
			runOnlyForDeploymentPostprocessing = 0;
		};
/* End PBXResourcesBuildPhase section */

/* Begin PBXSourcesBuildPhase section */
		21723E371A272BF10062796D /* Sources */ = {
			isa = PBXSourcesBuildPhase;
			buildActionMask = 2147483647;
			files = (
				21723E431A272BF10062796D /* ViewController.swift in Sources */,
				21723E411A272BF10062796D /* AppDelegate.swift in Sources */,
			);
			runOnlyForDeploymentPostprocessing = 0;
		};
		21723E4C1A272BF10062796D /* Sources */ = {
			isa = PBXSourcesBuildPhase;
			buildActionMask = 2147483647;
			files = (
			);
			runOnlyForDeploymentPostprocessing = 0;
		};
/* End PBXSourcesBuildPhase section */

/* Begin PBXTargetDependency section */
		21299FD71A2730D900D386DC /* PBXTargetDependency */ = {
			isa = PBXTargetDependency;
			name = "SQLite iOS";
			targetProxy = 21299FD61A2730D900D386DC /* PBXContainerItemProxy */;
		};
		21723E521A272BF10062796D /* PBXTargetDependency */ = {
			isa = PBXTargetDependency;
			target = 21723E3A1A272BF10062796D /* using_SQL-Lite */;
			targetProxy = 21723E511A272BF10062796D /* PBXContainerItemProxy */;
		};
/* End PBXTargetDependency section */

/* Begin PBXVariantGroup section */
		21723E441A272BF10062796D /* Main.storyboard */ = {
			isa = PBXVariantGroup;
			children = (
				21723E451A272BF10062796D /* Base */,
			);
			name = Main.storyboard;
			sourceTree = "<group>";
		};
		21723E491A272BF10062796D /* LaunchScreen.xib */ = {
			isa = PBXVariantGroup;
			children = (
				21723E4A1A272BF10062796D /* Base */,
			);
			name = LaunchScreen.xib;
			sourceTree = "<group>";
		};
/* End PBXVariantGroup section */

/* Begin XCBuildConfiguration section */
		21723E581A272BF10062796D /* Debug */ = {
			isa = XCBuildConfiguration;
			buildSettings = {
				ALWAYS_SEARCH_USER_PATHS = NO;
				CLANG_CXX_LANGUAGE_STANDARD = "gnu++0x";
				CLANG_CXX_LIBRARY = "libc++";
				CLANG_ENABLE_MODULES = YES;
				CLANG_ENABLE_OBJC_ARC = YES;
				CLANG_WARN_BOOL_CONVERSION = YES;
				CLANG_WARN_CONSTANT_CONVERSION = YES;
				CLANG_WARN_DIRECT_OBJC_ISA_USAGE = YES_ERROR;
				CLANG_WARN_EMPTY_BODY = YES;
				CLANG_WARN_ENUM_CONVERSION = YES;
				CLANG_WARN_INT_CONVERSION = YES;
				CLANG_WARN_OBJC_ROOT_CLASS = YES_ERROR;
				CLANG_WARN_UNREACHABLE_CODE = YES;
				CLANG_WARN__DUPLICATE_METHOD_MATCH = YES;
				"CODE_SIGN_IDENTITY[sdk=iphoneos*]" = "iPhone Developer";
				COPY_PHASE_STRIP = NO;
				ENABLE_STRICT_OBJC_MSGSEND = YES;
				GCC_C_LANGUAGE_STANDARD = gnu99;
				GCC_DYNAMIC_NO_PIC = NO;
				GCC_OPTIMIZATION_LEVEL = 0;
				GCC_PREPROCESSOR_DEFINITIONS = (
					"DEBUG=1",
					"$(inherited)",
				);
				GCC_SYMBOLS_PRIVATE_EXTERN = NO;
				GCC_WARN_64_TO_32_BIT_CONVERSION = YES;
				GCC_WARN_ABOUT_RETURN_TYPE = YES_ERROR;
				GCC_WARN_UNDECLARED_SELECTOR = YES;
				GCC_WARN_UNINITIALIZED_AUTOS = YES_AGGRESSIVE;
				GCC_WARN_UNUSED_FUNCTION = YES;
				GCC_WARN_UNUSED_VARIABLE = YES;
				IPHONEOS_DEPLOYMENT_TARGET = 8.1;
				MTL_ENABLE_DEBUG_INFO = YES;
				ONLY_ACTIVE_ARCH = YES;
				SDKROOT = iphoneos;
				SWIFT_OPTIMIZATION_LEVEL = "-Onone";
				TARGETED_DEVICE_FAMILY = "1,2";
			};
			name = Debug;
		};
		21723E591A272BF10062796D /* Release */ = {
			isa = XCBuildConfiguration;
			buildSettings = {
				ALWAYS_SEARCH_USER_PATHS = NO;
				CLANG_CXX_LANGUAGE_STANDARD = "gnu++0x";
				CLANG_CXX_LIBRARY = "libc++";
				CLANG_ENABLE_MODULES = YES;
				CLANG_ENABLE_OBJC_ARC = YES;
				CLANG_WARN_BOOL_CONVERSION = YES;
				CLANG_WARN_CONSTANT_CONVERSION = YES;
				CLANG_WARN_DIRECT_OBJC_ISA_USAGE = YES_ERROR;
				CLANG_WARN_EMPTY_BODY = YES;
				CLANG_WARN_ENUM_CONVERSION = YES;
				CLANG_WARN_INT_CONVERSION = YES;
				CLANG_WARN_OBJC_ROOT_CLASS = YES_ERROR;
				CLANG_WARN_UNREACHABLE_CODE = YES;
				CLANG_WARN__DUPLICATE_METHOD_MATCH = YES;
				"CODE_SIGN_IDENTITY[sdk=iphoneos*]" = "iPhone Developer";
				COPY_PHASE_STRIP = YES;
				ENABLE_NS_ASSERTIONS = NO;
				ENABLE_STRICT_OBJC_MSGSEND = YES;
				GCC_C_LANGUAGE_STANDARD = gnu99;
				GCC_WARN_64_TO_32_BIT_CONVERSION = YES;
				GCC_WARN_ABOUT_RETURN_TYPE = YES_ERROR;
				GCC_WARN_UNDECLARED_SELECTOR = YES;
				GCC_WARN_UNINITIALIZED_AUTOS = YES_AGGRESSIVE;
				GCC_WARN_UNUSED_FUNCTION = YES;
				GCC_WARN_UNUSED_VARIABLE = YES;
				IPHONEOS_DEPLOYMENT_TARGET = 8.1;
				MTL_ENABLE_DEBUG_INFO = NO;
				SDKROOT = iphoneos;
				TARGETED_DEVICE_FAMILY = "1,2";
				VALIDATE_PRODUCT = YES;
			};
			name = Release;
		};
		21723E5B1A272BF10062796D /* Debug */ = {
			isa = XCBuildConfiguration;
			buildSettings = {
				ASSETCATALOG_COMPILER_APPICON_NAME = AppIcon;
				INFOPLIST_FILE = "using_SQL-Lite/Info.plist";
				LD_RUNPATH_SEARCH_PATHS = "$(inherited) @executable_path/Frameworks";
				PRODUCT_NAME = "$(TARGET_NAME)";
			};
			name = Debug;
		};
		21723E5C1A272BF10062796D /* Release */ = {
			isa = XCBuildConfiguration;
			buildSettings = {
				ASSETCATALOG_COMPILER_APPICON_NAME = AppIcon;
				INFOPLIST_FILE = "using_SQL-Lite/Info.plist";
				LD_RUNPATH_SEARCH_PATHS = "$(inherited) @executable_path/Frameworks";
				PRODUCT_NAME = "$(TARGET_NAME)";
			};
			name = Release;
		};
		21723E5E1A272BF10062796D /* Debug */ = {
			isa = XCBuildConfiguration;
			buildSettings = {
				BUNDLE_LOADER = "$(TEST_HOST)";
				FRAMEWORK_SEARCH_PATHS = (
					"$(SDKROOT)/Developer/Library/Frameworks",
					"$(inherited)",
				);
				GCC_PREPROCESSOR_DEFINITIONS = (
					"DEBUG=1",
					"$(inherited)",
				);
				INFOPLIST_FILE = "using_SQL-LiteTests/Info.plist";
				LD_RUNPATH_SEARCH_PATHS = "$(inherited) @executable_path/Frameworks @loader_path/Frameworks";
				PRODUCT_NAME = "$(TARGET_NAME)";
				TEST_HOST = "$(BUILT_PRODUCTS_DIR)/using_SQL-Lite.app/using_SQL-Lite";
			};
			name = Debug;
		};
		21723E5F1A272BF10062796D /* Release */ = {
			isa = XCBuildConfiguration;
			buildSettings = {
				BUNDLE_LOADER = "$(TEST_HOST)";
				FRAMEWORK_SEARCH_PATHS = (
					"$(SDKROOT)/Developer/Library/Frameworks",
					"$(inherited)",
				);
				INFOPLIST_FILE = "using_SQL-LiteTests/Info.plist";
				LD_RUNPATH_SEARCH_PATHS = "$(inherited) @executable_path/Frameworks @loader_path/Frameworks";
				PRODUCT_NAME = "$(TARGET_NAME)";
				TEST_HOST = "$(BUILT_PRODUCTS_DIR)/using_SQL-Lite.app/using_SQL-Lite";
			};
			name = Release;
		};
/* End XCBuildConfiguration section */

/* Begin XCConfigurationList section */
		21723E361A272BF10062796D /* Build configuration list for PBXProject "using_SQL-Lite" */ = {
			isa = XCConfigurationList;
			buildConfigurations = (
				21723E581A272BF10062796D /* Debug */,
				21723E591A272BF10062796D /* Release */,
			);
			defaultConfigurationIsVisible = 0;
			defaultConfigurationName = Release;
		};
		21723E5A1A272BF10062796D /* Build configuration list for PBXNativeTarget "using_SQL-Lite" */ = {
			isa = XCConfigurationList;
			buildConfigurations = (
				21723E5B1A272BF10062796D /* Debug */,
				21723E5C1A272BF10062796D /* Release */,
			);
			defaultConfigurationIsVisible = 0;
			defaultConfigurationName = Release;
		};
		21723E5D1A272BF10062796D /* Build configuration list for PBXNativeTarget "using_SQL-LiteTests" */ = {
			isa = XCConfigurationList;
			buildConfigurations = (
				21723E5E1A272BF10062796D /* Debug */,
				21723E5F1A272BF10062796D /* Release */,
			);
			defaultConfigurationIsVisible = 0;
			defaultConfigurationName = Release;
		};
/* End XCConfigurationList section */
	};
	rootObject = 21723E331A272BF10062796D /* Project object */;
}
